{
  "name": "translator",
  "version": "0.1.0",
  "lockfileVersion": 1,
  "requires": true,
  "dependencies": {
    "react-simple-keyboard": {
      "version": "1.9.0",
      "resolved": "https://registry.npmjs.org/react-simple-keyboard/-/react-simple-keyboard-1.9.0.tgz",
      "integrity": "sha512-VeUFVkiXmFroHo9BBR5EGwXeB3I7aWqmem4ut3duDBJLn6cBkMAxOYPTSZ7MWZrh22xIw/zhR1U9lWANkfbgSQ==",
      "requires": {
        "simple-keyboard": "2.8.0"
      }
    },
    "simple-keyboard": {
      "version": "2.8.0",
      "resolved": "https://registry.npmjs.org/simple-keyboard/-/simple-keyboard-2.8.0.tgz",
      "integrity": "sha512-nCLFvI4ZExjtDEbvSYxwzm/e23GAk6+ICdgoqQ8CU7dmJBU+z5dHN7tHjGPLeqFQ9hGqY95+ehRIW7jd/qyOUQ=="
    },
    "whatwg-fetch": {
      "version": "3.0.0",
      "resolved": "https://registry.npmjs.org/whatwg-fetch/-/whatwg-fetch-3.0.0.tgz",
      "integrity": "sha512-9GSJUgz1D4MfyKU7KRqwOjXCXTqWdFNvEr7eUBYchQiVc744mqK/MzXPNR2WsPkmkOa4ywfg8C2n8h+13Bey1Q=="
    }
  }
}
